// !$*UTF8*$!
{
	archiveVersion = 1;
	classes = {
	};
	objectVersion = 50;
	objects = {

/* Begin PBXBuildFile section */
		49224F982452F06500832E54 /* Model.cpp in Sources */ = {isa = PBXBuildFile; fileRef = 49224F962452F06500832E54 /* Model.cpp */; };
		49224F9B2452F1EA00832E54 /* Shader.cpp in Sources */ = {isa = PBXBuildFile; fileRef = 49224F992452F1EA00832E54 /* Shader.cpp */; };
		49F902282445E37100728B74 /* main.cpp in Sources */ = {isa = PBXBuildFile; fileRef = 49F902272445E37100728B74 /* main.cpp */; };
		49F902302445E86600728B74 /* OpenGL.framework in Frameworks */ = {isa = PBXBuildFile; fileRef = 49F9022F2445E86600728B74 /* OpenGL.framework */; };
		49F902322445E88100728B74 /* libglfw.3.3.dylib in Frameworks */ = {isa = PBXBuildFile; fileRef = 49F902312445E88100728B74 /* libglfw.3.3.dylib */; };
		49F902342445E8A400728B74 /* libGLEW.2.1.0.dylib in Frameworks */ = {isa = PBXBuildFile; fileRef = 49F902332445E8A400728B74 /* libGLEW.2.1.0.dylib */; };
		49F902372445E8B300728B74 /* Solo.cpp in Sources */ = {isa = PBXBuildFile; fileRef = 49F902352445E8B300728B74 /* Solo.cpp */; };
		49F902402445EB4000728B74 /* Solo_EntryPoint.cpp in Sources */ = {isa = PBXBuildFile; fileRef = 49F9023E2445EB4000728B74 /* Solo_EntryPoint.cpp */; };
/* End PBXBuildFile section */

/* Begin PBXCopyFilesBuildPhase section */
		49F902222445E37100728B74 /* CopyFiles */ = {
			isa = PBXCopyFilesBuildPhase;
			buildActionMask = 2147483647;
			dstPath = /usr/share/man/man1/;
			dstSubfolderSpec = 0;
			files = (
			);
			runOnlyForDeploymentPostprocessing = 1;
		};
/* End PBXCopyFilesBuildPhase section */

/* Begin PBXFileReference section */
		49224F962452F06500832E54 /* Model.cpp */ = {isa = PBXFileReference; lastKnownFileType = sourcecode.cpp.cpp; path = Model.cpp; sourceTree = "<group>"; };
		49224F972452F06500832E54 /* Model.hpp */ = {isa = PBXFileReference; lastKnownFileType = sourcecode.cpp.h; path = Model.hpp; sourceTree = "<group>"; };
		49224F992452F1EA00832E54 /* Shader.cpp */ = {isa = PBXFileReference; lastKnownFileType = sourcecode.cpp.cpp; path = Shader.cpp; sourceTree = "<group>"; };
		49224F9A2452F1EA00832E54 /* Shader.hpp */ = {isa = PBXFileReference; lastKnownFileType = sourcecode.cpp.h; path = Shader.hpp; sourceTree = "<group>"; };
		49F902242445E37100728B74 /* Solo */ = {isa = PBXFileReference; explicitFileType = "compiled.mach-o.executable"; includeInIndex = 0; path = Solo; sourceTree = BUILT_PRODUCTS_DIR; };
		49F902272445E37100728B74 /* main.cpp */ = {isa = PBXFileReference; lastKnownFileType = sourcecode.cpp.cpp; path = main.cpp; sourceTree = "<group>"; };
		49F9022F2445E86600728B74 /* OpenGL.framework */ = {isa = PBXFileReference; lastKnownFileType = wrapper.framework; name = OpenGL.framework; path = System/Library/Frameworks/OpenGL.framework; sourceTree = SDKROOT; };
		49F902312445E88100728B74 /* libglfw.3.3.dylib */ = {isa = PBXFileReference; lastKnownFileType = "compiled.mach-o.dylib"; name = libglfw.3.3.dylib; path = ../../../../../../usr/local/Cellar/glfw/3.3.2/lib/libglfw.3.3.dylib; sourceTree = "<group>"; };
		49F902332445E8A400728B74 /* libGLEW.2.1.0.dylib */ = {isa = PBXFileReference; lastKnownFileType = "compiled.mach-o.dylib"; name = libGLEW.2.1.0.dylib; path = ../../../../../../usr/local/Cellar/glew/2.1.0_1/lib/libGLEW.2.1.0.dylib; sourceTree = "<group>"; };
		49F902352445E8B300728B74 /* Solo.cpp */ = {isa = PBXFileReference; lastKnownFileType = sourcecode.cpp.cpp; path = Solo.cpp; sourceTree = "<group>"; };
		49F902362445E8B300728B74 /* Solo.hpp */ = {isa = PBXFileReference; lastKnownFileType = sourcecode.cpp.h; path = Solo.hpp; sourceTree = "<group>"; };
		49F9023E2445EB4000728B74 /* Solo_EntryPoint.cpp */ = {isa = PBXFileReference; lastKnownFileType = sourcecode.cpp.cpp; path = Solo_EntryPoint.cpp; sourceTree = "<group>"; };
		49F9023F2445EB4000728B74 /* Solo_EntryPoint.hpp */ = {isa = PBXFileReference; lastKnownFileType = sourcecode.cpp.h; path = Solo_EntryPoint.hpp; sourceTree = "<group>"; };
/* End PBXFileReference section */

/* Begin PBXFrameworksBuildPhase section */
		49F902212445E37100728B74 /* Frameworks */ = {
			isa = PBXFrameworksBuildPhase;
			buildActionMask = 2147483647;
			files = (
				49F902342445E8A400728B74 /* libGLEW.2.1.0.dylib in Frameworks */,
				49F902322445E88100728B74 /* libglfw.3.3.dylib in Frameworks */,
				49F902302445E86600728B74 /* OpenGL.framework in Frameworks */,
			);
			runOnlyForDeploymentPostprocessing = 0;
		};
/* End PBXFrameworksBuildPhase section */

/* Begin PBXGroup section */
		49224F952452F05C00832E54 /* Render */ = {
			isa = PBXGroup;
			children = (
				49224F962452F06500832E54 /* Model.cpp */,
				49224F972452F06500832E54 /* Model.hpp */,
				49224F992452F1EA00832E54 /* Shader.cpp */,
				49224F9A2452F1EA00832E54 /* Shader.hpp */,
			);
			path = Render;
			sourceTree = "<group>";
		};
		49F9021B2445E37100728B74 = {
			isa = PBXGroup;
			children = (
				49F902262445E37100728B74 /* Solo */,
				49F902252445E37100728B74 /* Products */,
				49F9022E2445E86600728B74 /* Frameworks */,
			);
			sourceTree = "<group>";
		};
		49F902252445E37100728B74 /* Products */ = {
			isa = PBXGroup;
			children = (
				49F902242445E37100728B74 /* Solo */,
			);
			name = Products;
			sourceTree = "<group>";
		};
		49F902262445E37100728B74 /* Solo */ = {
			isa = PBXGroup;
			children = (
				49F9023D2445EB3700728B74 /* Solo */,
				49F902272445E37100728B74 /* main.cpp */,
				49F902352445E8B300728B74 /* Solo.cpp */,
				49F902362445E8B300728B74 /* Solo.hpp */,
			);
			path = Solo;
			sourceTree = "<group>";
		};
		49F9022E2445E86600728B74 /* Frameworks */ = {
			isa = PBXGroup;
			children = (
				49F902332445E8A400728B74 /* libGLEW.2.1.0.dylib */,
				49F902312445E88100728B74 /* libglfw.3.3.dylib */,
				49F9022F2445E86600728B74 /* OpenGL.framework */,
			);
			name = Frameworks;
			sourceTree = "<group>";
		};
		49F9023D2445EB3700728B74 /* Solo */ = {
			isa = PBXGroup;
			children = (
				49224F952452F05C00832E54 /* Render */,
				49F9023E2445EB4000728B74 /* Solo_EntryPoint.cpp */,
				49F9023F2445EB4000728B74 /* Solo_EntryPoint.hpp */,
			);
			path = Solo;
			sourceTree = "<group>";
		};
/* End PBXGroup section */

/* Begin PBXNativeTarget section */
		49F902232445E37100728B74 /* Solo */ = {
			isa = PBXNativeTarget;
			buildConfigurationList = 49F9022B2445E37100728B74 /* Build configuration list for PBXNativeTarget "Solo" */;
			buildPhases = (
				49F902202445E37100728B74 /* Sources */,
				49F902212445E37100728B74 /* Frameworks */,
				49F902222445E37100728B74 /* CopyFiles */,
			);
			buildRules = (
			);
			dependencies = (
			);
			name = Solo;
			productName = Solo;
			productReference = 49F902242445E37100728B74 /* Solo */;
			productType = "com.apple.product-type.tool";
		};
/* End PBXNativeTarget section */

/* Begin PBXProject section */
		49F9021C2445E37100728B74 /* Project object */ = {
			isa = PBXProject;
			attributes = {
				LastUpgradeCheck = 1130;
				ORGANIZATIONNAME = Nav;
				TargetAttributes = {
					49F902232445E37100728B74 = {
						CreatedOnToolsVersion = 11.3.1;
					};
				};
			};
			buildConfigurationList = 49F9021F2445E37100728B74 /* Build configuration list for PBXProject "Solo" */;
			compatibilityVersion = "Xcode 9.3";
			developmentRegion = en;
			hasScannedForEncodings = 0;
			knownRegions = (
				en,
				Base,
			);
			mainGroup = 49F9021B2445E37100728B74;
			productRefGroup = 49F902252445E37100728B74 /* Products */;
			projectDirPath = "";
			projectRoot = "";
			targets = (
				49F902232445E37100728B74 /* Solo */,
			);
		};
/* End PBXProject section */

/* Begin PBXSourcesBuildPhase section */
		49F902202445E37100728B74 /* Sources */ = {
			isa = PBXSourcesBuildPhase;
			buildActionMask = 2147483647;
			files = (
				49F902402445EB4000728B74 /* Solo_EntryPoint.cpp in Sources */,
				49F902372445E8B300728B74 /* Solo.cpp in Sources */,
				49F902282445E37100728B74 /* main.cpp in Sources */,
				49224F982452F06500832E54 /* Model.cpp in Sources */,
				49224F9B2452F1EA00832E54 /* Shader.cpp in Sources */,
			);
			runOnlyForDeploymentPostprocessing = 0;
		};
/* End PBXSourcesBuildPhase section */

/* Begin XCBuildConfiguration section */
		49F902292445E37100728B74 /* Debug */ = {
			isa = XCBuildConfiguration;
			buildSettings = {
				ALWAYS_SEARCH_USER_PATHS = NO;
				CLANG_ANALYZER_NONNULL = YES;
				CLANG_ANALYZER_NUMBER_OBJECT_CONVERSION = YES_AGGRESSIVE;
				CLANG_CXX_LANGUAGE_STANDARD = "gnu++14";
				CLANG_CXX_LIBRARY = "libc++";
				CLANG_ENABLE_MODULES = YES;
				CLANG_ENABLE_OBJC_ARC = YES;
				CLANG_ENABLE_OBJC_WEAK = YES;
				CLANG_WARN_BLOCK_CAPTURE_AUTORELEASING = YES;
				CLANG_WARN_BOOL_CONVERSION = YES;
				CLANG_WARN_COMMA = YES;
				CLANG_WARN_CONSTANT_CONVERSION = YES;
				CLANG_WARN_DEPRECATED_OBJC_IMPLEMENTATIONS = YES;
				CLANG_WARN_DIRECT_OBJC_ISA_USAGE = YES_ERROR;
				CLANG_WARN_DOCUMENTATION_COMMENTS = YES;
				CLANG_WARN_EMPTY_BODY = YES;
				CLANG_WARN_ENUM_CONVERSION = YES;
				CLANG_WARN_INFINITE_RECURSION = YES;
				CLANG_WARN_INT_CONVERSION = YES;
				CLANG_WARN_NON_LITERAL_NULL_CONVERSION = YES;
				CLANG_WARN_OBJC_IMPLICIT_RETAIN_SELF = YES;
				CLANG_WARN_OBJC_LITERAL_CONVERSION = YES;
				CLANG_WARN_OBJC_ROOT_CLASS = YES_ERROR;
				CLANG_WARN_RANGE_LOOP_ANALYSIS = YES;
				CLANG_WARN_STRICT_PROTOTYPES = YES;
				CLANG_WARN_SUSPICIOUS_MOVE = YES;
				CLANG_WARN_UNGUARDED_AVAILABILITY = YES_AGGRESSIVE;
				CLANG_WARN_UNREACHABLE_CODE = YES;
				CLANG_WARN__DUPLICATE_METHOD_MATCH = YES;
				COPY_PHASE_STRIP = NO;
				DEBUG_INFORMATION_FORMAT = dwarf;
				ENABLE_STRICT_OBJC_MSGSEND = YES;
				ENABLE_TESTABILITY = YES;
				GCC_C_LANGUAGE_STANDARD = gnu11;
				GCC_DYNAMIC_NO_PIC = NO;
				GCC_NO_COMMON_BLOCKS = YES;
				GCC_OPTIMIZATION_LEVEL = 0;
				GCC_PREPROCESSOR_DEFINITIONS = (
					"DEBUG=1",
					"$(inherited)",
				);
				GCC_WARN_64_TO_32_BIT_CONVERSION = YES;
				GCC_WARN_ABOUT_RETURN_TYPE = YES_ERROR;
				GCC_WARN_UNDECLARED_SELECTOR = YES;
				GCC_WARN_UNINITIALIZED_AUTOS = YES_AGGRESSIVE;
				GCC_WARN_UNUSED_FUNCTION = YES;
				GCC_WARN_UNUSED_VARIABLE = YES;
				MACOSX_DEPLOYMENT_TARGET = 10.15;
				MTL_ENABLE_DEBUG_INFO = INCLUDE_SOURCE;
				MTL_FAST_MATH = YES;
				ONLY_ACTIVE_ARCH = YES;
				SDKROOT = macosx;
			};
			name = Debug;
		};
		49F9022A2445E37100728B74 /* Release */ = {
			isa = XCBuildConfiguration;
			buildSettings = {
				ALWAYS_SEARCH_USER_PATHS = NO;
				CLANG_ANALYZER_NONNULL = YES;
				CLANG_ANALYZER_NUMBER_OBJECT_CONVERSION = YES_AGGRESSIVE;
				CLANG_CXX_LANGUAGE_STANDARD = "gnu++14";
				CLANG_CXX_LIBRARY = "libc++";
				CLANG_ENABLE_MODULES = YES;
				CLANG_ENABLE_OBJC_ARC = YES;
				CLANG_ENABLE_OBJC_WEAK = YES;
				CLANG_WARN_BLOCK_CAPTURE_AUTORELEASING = YES;
				CLANG_WARN_BOOL_CONVERSION = YES;
				CLANG_WARN_COMMA = YES;
				CLANG_WARN_CONSTANT_CONVERSION = YES;
				CLANG_WARN_DEPRECATED_OBJC_IMPLEMENTATIONS = YES;
				CLANG_WARN_DIRECT_OBJC_ISA_USAGE = YES_ERROR;
				CLANG_WARN_DOCUMENTATION_COMMENTS = YES;
				CLANG_WARN_EMPTY_BODY = YES;
				CLANG_WARN_ENUM_CONVERSION = YES;
				CLANG_WARN_INFINITE_RECURSION = YES;
				CLANG_WARN_INT_CONVERSION = YES;
				CLANG_WARN_NON_LITERAL_NULL_CONVERSION = YES;
				CLANG_WARN_OBJC_IMPLICIT_RETAIN_SELF = YES;
				CLANG_WARN_OBJC_LITERAL_CONVERSION = YES;
				CLANG_WARN_OBJC_ROOT_CLASS = YES_ERROR;
				CLANG_WARN_RANGE_LOOP_ANALYSIS = YES;
				CLANG_WARN_STRICT_PROTOTYPES = YES;
				CLANG_WARN_SUSPICIOUS_MOVE = YES;
				CLANG_WARN_UNGUARDED_AVAILABILITY = YES_AGGRESSIVE;
				CLANG_WARN_UNREACHABLE_CODE = YES;
				CLANG_WARN__DUPLICATE_METHOD_MATCH = YES;
				COPY_PHASE_STRIP = NO;
				DEBUG_INFORMATION_FORMAT = "dwarf-with-dsym";
				ENABLE_NS_ASSERTIONS = NO;
				ENABLE_STRICT_OBJC_MSGSEND = YES;
				GCC_C_LANGUAGE_STANDARD = gnu11;
				GCC_NO_COMMON_BLOCKS = YES;
				GCC_WARN_64_TO_32_BIT_CONVERSION = YES;
				GCC_WARN_ABOUT_RETURN_TYPE = YES_ERROR;
				GCC_WARN_UNDECLARED_SELECTOR = YES;
				GCC_WARN_UNINITIALIZED_AUTOS = YES_AGGRESSIVE;
				GCC_WARN_UNUSED_FUNCTION = YES;
				GCC_WARN_UNUSED_VARIABLE = YES;
				MACOSX_DEPLOYMENT_TARGET = 10.15;
				MTL_ENABLE_DEBUG_INFO = NO;
				MTL_FAST_MATH = YES;
				SDKROOT = macosx;
			};
			name = Release;
		};
		49F9022C2445E37100728B74 /* Debug */ = {
			isa = XCBuildConfiguration;
			buildSettings = {
				CODE_SIGN_STYLE = Automatic;
				HEADER_SEARCH_PATHS = /usr/local/include/;
				LIBRARY_SEARCH_PATHS = (
					"$(inherited)",
					/usr/local/Cellar/glfw/3.3.2/lib,
					/usr/local/Cellar/glew/2.1.0_1/lib,
				);
				PRODUCT_NAME = "$(TARGET_NAME)";
			};
			name = Debug;
		};
		49F9022D2445E37100728B74 /* Release */ = {
			isa = XCBuildConfiguration;
			buildSettings = {
				CODE_SIGN_STYLE = Automatic;
				HEADER_SEARCH_PATHS = /usr/local/include/;
				LIBRARY_SEARCH_PATHS = (
					"$(inherited)",
					/usr/local/Cellar/glfw/3.3.2/lib,
					/usr/local/Cellar/glew/2.1.0_1/lib,
				);
				PRODUCT_NAME = "$(TARGET_NAME)";
			};
			name = Release;
		};
/* End XCBuildConfiguration section */

/* Begin XCConfigurationList section */
		49F9021F2445E37100728B74 /* Build configuration list for PBXProject "Solo" */ = {
			isa = XCConfigurationList;
			buildConfigurations = (
				49F902292445E37100728B74 /* Debug */,
				49F9022A2445E37100728B74 /* Release */,
			);
			defaultConfigurationIsVisible = 0;
			defaultConfigurationName = Release;
		};
		49F9022B2445E37100728B74 /* Build configuration list for PBXNativeTarget "Solo" */ = {
			isa = XCConfigurationList;
			buildConfigurations = (
				49F9022C2445E37100728B74 /* Debug */,
				49F9022D2445E37100728B74 /* Release */,
			);
			defaultConfigurationIsVisible = 0;
			defaultConfigurationName = Release;
		};
/* End XCConfigurationList section */
	};
	rootObject = 49F9021C2445E37100728B74 /* Project object */;
}
